// !$*UTF8*$!
{
	archiveVersion = 1;
	classes = {
	};
	objectVersion = 46;
	objects = {

/* Begin PBXBuildFile section */
		1C5F8C151F243DCB004CF7B3 /* Constants.swift in Sources */ = {isa = PBXBuildFile; fileRef = 1C5F8C141F243DCB004CF7B3 /* Constants.swift */; };
		1C5F8C171F24412E004CF7B3 /* CurrentWeather.swift in Sources */ = {isa = PBXBuildFile; fileRef = 1C5F8C161F24412E004CF7B3 /* CurrentWeather.swift */; };
		1C6520321F25885A00227FC8 /* Forecast.swift in Sources */ = {isa = PBXBuildFile; fileRef = 1C6520311F25885A00227FC8 /* Forecast.swift */; };
		1C6DD7B41F25E548004A7F4C /* WeatherCell.swift in Sources */ = {isa = PBXBuildFile; fileRef = 1C6DD7B31F25E548004A7F4C /* WeatherCell.swift */; };
		1CBCAC731F23401900CB59A4 /* AppDelegate.swift in Sources */ = {isa = PBXBuildFile; fileRef = 1CBCAC721F23401900CB59A4 /* AppDelegate.swift */; };
		1CBCAC751F23401900CB59A4 /* WeatherVC.swift in Sources */ = {isa = PBXBuildFile; fileRef = 1CBCAC741F23401900CB59A4 /* WeatherVC.swift */; };
		1CBCAC781F23401900CB59A4 /* Main.storyboard in Resources */ = {isa = PBXBuildFile; fileRef = 1CBCAC761F23401900CB59A4 /* Main.storyboard */; };
		1CBCAC7A1F23401900CB59A4 /* Assets.xcassets in Resources */ = {isa = PBXBuildFile; fileRef = 1CBCAC791F23401900CB59A4 /* Assets.xcassets */; };
		1CBCAC7D1F23401900CB59A4 /* LaunchScreen.storyboard in Resources */ = {isa = PBXBuildFile; fileRef = 1CBCAC7B1F23401900CB59A4 /* LaunchScreen.storyboard */; };
		1CD7C5AE1F2978DA0071768F /* Location.swift in Sources */ = {isa = PBXBuildFile; fileRef = 1CD7C5AD1F2978DA0071768F /* Location.swift */; };
		78D9CD82185328A93BD88530 /* Pods_rainyshinycloudy.framework in Frameworks */ = {isa = PBXBuildFile; fileRef = DD5539DFDE8C8BFD6AC8FA8F /* Pods_rainyshinycloudy.framework */; };
/* End PBXBuildFile section */

/* Begin PBXFileReference section */
		1C5F8C141F243DCB004CF7B3 /* Constants.swift */ = {isa = PBXFileReference; fileEncoding = 4; lastKnownFileType = sourcecode.swift; path = Constants.swift; sourceTree = "<group>"; };
		1C5F8C161F24412E004CF7B3 /* CurrentWeather.swift */ = {isa = PBXFileReference; fileEncoding = 4; lastKnownFileType = sourcecode.swift; path = CurrentWeather.swift; sourceTree = "<group>"; };
		1C6520311F25885A00227FC8 /* Forecast.swift */ = {isa = PBXFileReference; fileEncoding = 4; lastKnownFileType = sourcecode.swift; path = Forecast.swift; sourceTree = "<group>"; };
		1C6DD7B31F25E548004A7F4C /* WeatherCell.swift */ = {isa = PBXFileReference; fileEncoding = 4; lastKnownFileType = sourcecode.swift; path = WeatherCell.swift; sourceTree = "<group>"; };
		1CBCAC6F1F23401900CB59A4 /* rainyshinycloudy.app */ = {isa = PBXFileReference; explicitFileType = wrapper.application; includeInIndex = 0; path = rainyshinycloudy.app; sourceTree = BUILT_PRODUCTS_DIR; };
		1CBCAC721F23401900CB59A4 /* AppDelegate.swift */ = {isa = PBXFileReference; lastKnownFileType = sourcecode.swift; path = AppDelegate.swift; sourceTree = "<group>"; };
		1CBCAC741F23401900CB59A4 /* WeatherVC.swift */ = {isa = PBXFileReference; lastKnownFileType = sourcecode.swift; path = WeatherVC.swift; sourceTree = "<group>"; };
		1CBCAC771F23401900CB59A4 /* Base */ = {isa = PBXFileReference; lastKnownFileType = file.storyboard; name = Base; path = Base.lproj/Main.storyboard; sourceTree = "<group>"; };
		1CBCAC791F23401900CB59A4 /* Assets.xcassets */ = {isa = PBXFileReference; lastKnownFileType = folder.assetcatalog; path = Assets.xcassets; sourceTree = "<group>"; };
		1CBCAC7C1F23401900CB59A4 /* Base */ = {isa = PBXFileReference; lastKnownFileType = file.storyboard; name = Base; path = Base.lproj/LaunchScreen.storyboard; sourceTree = "<group>"; };
		1CBCAC7E1F23401900CB59A4 /* Info.plist */ = {isa = PBXFileReference; lastKnownFileType = text.plist.xml; path = Info.plist; sourceTree = "<group>"; };
		1CD7C5AD1F2978DA0071768F /* Location.swift */ = {isa = PBXFileReference; fileEncoding = 4; lastKnownFileType = sourcecode.swift; path = Location.swift; sourceTree = "<group>"; };
		456B03B50DE4DBF9896C7072 /* Pods-rainyshinycloudy.release.xcconfig */ = {isa = PBXFileReference; includeInIndex = 1; lastKnownFileType = text.xcconfig; name = "Pods-rainyshinycloudy.release.xcconfig"; path = "Pods/Target Support Files/Pods-rainyshinycloudy/Pods-rainyshinycloudy.release.xcconfig"; sourceTree = "<group>"; };
		A3DC702B1094BDD3E6943CB7 /* Pods-rainyshinycloudy.debug.xcconfig */ = {isa = PBXFileReference; includeInIndex = 1; lastKnownFileType = text.xcconfig; name = "Pods-rainyshinycloudy.debug.xcconfig"; path = "Pods/Target Support Files/Pods-rainyshinycloudy/Pods-rainyshinycloudy.debug.xcconfig"; sourceTree = "<group>"; };
		DD5539DFDE8C8BFD6AC8FA8F /* Pods_rainyshinycloudy.framework */ = {isa = PBXFileReference; explicitFileType = wrapper.framework; includeInIndex = 0; path = Pods_rainyshinycloudy.framework; sourceTree = BUILT_PRODUCTS_DIR; };
/* End PBXFileReference section */

/* Begin PBXFrameworksBuildPhase section */
		1CBCAC6C1F23401900CB59A4 /* Frameworks */ = {
			isa = PBXFrameworksBuildPhase;
			buildActionMask = 2147483647;
			files = (
				78D9CD82185328A93BD88530 /* Pods_rainyshinycloudy.framework in Frameworks */,
			);
			runOnlyForDeploymentPostprocessing = 0;
		};
/* End PBXFrameworksBuildPhase section */

/* Begin PBXGroup section */
		1C5F8C181F244857004CF7B3 /* Controller */ = {
			isa = PBXGroup;
			children = (
				1CBCAC721F23401900CB59A4 /* AppDelegate.swift */,
				1CBCAC741F23401900CB59A4 /* WeatherVC.swift */,
			);
			name = Controller;
			sourceTree = "<group>";
		};
		1C5F8C191F244864004CF7B3 /* View */ = {
			isa = PBXGroup;
			children = (
				1CBCAC7B1F23401900CB59A4 /* LaunchScreen.storyboard */,
				1CBCAC761F23401900CB59A4 /* Main.storyboard */,
			);
			name = View;
			sourceTree = "<group>";
		};
		1C5F8C1A1F24486D004CF7B3 /* Models */ = {
			isa = PBXGroup;
			children = (
				1C5F8C161F24412E004CF7B3 /* CurrentWeather.swift */,
				1C6520311F25885A00227FC8 /* Forecast.swift */,
				1C6DD7B31F25E548004A7F4C /* WeatherCell.swift */,
				1CD7C5AD1F2978DA0071768F /* Location.swift */,
			);
			name = Models;
			sourceTree = "<group>";
		};
		1C5F8C1B1F24494F004CF7B3 /* Resources */ = {
			isa = PBXGroup;
			children = (
				1CBCAC791F23401900CB59A4 /* Assets.xcassets */,
				1CBCAC7E1F23401900CB59A4 /* Info.plist */,
			);
			name = Resources;
			sourceTree = "<group>";
		};
		1C5F8C1D1F244AAD004CF7B3 /* Utils */ = {
			isa = PBXGroup;
			children = (
				1C5F8C141F243DCB004CF7B3 /* Constants.swift */,
			);
			name = Utils;
			sourceTree = "<group>";
		};
		1CBCAC661F23401900CB59A4 = {
			isa = PBXGroup;
			children = (
				1CBCAC711F23401900CB59A4 /* rainyshinycloudy */,
				1CBCAC701F23401900CB59A4 /* Products */,
				D9C25BC72DE46ED36C461EC8 /* Pods */,
				8C9A0571F9D36217B0FC0C87 /* Frameworks */,
			);
			sourceTree = "<group>";
		};
		1CBCAC701F23401900CB59A4 /* Products */ = {
			isa = PBXGroup;
			children = (
				1CBCAC6F1F23401900CB59A4 /* rainyshinycloudy.app */,
			);
			name = Products;
			sourceTree = "<group>";
		};
		1CBCAC711F23401900CB59A4 /* rainyshinycloudy */ = {
			isa = PBXGroup;
			children = (
				1C5F8C1D1F244AAD004CF7B3 /* Utils */,
				1C5F8C1B1F24494F004CF7B3 /* Resources */,
				1C5F8C1A1F24486D004CF7B3 /* Models */,
				1C5F8C191F244864004CF7B3 /* View */,
				1C5F8C181F244857004CF7B3 /* Controller */,
			);
			path = rainyshinycloudy;
			sourceTree = "<group>";
		};
		8C9A0571F9D36217B0FC0C87 /* Frameworks */ = {
			isa = PBXGroup;
			children = (
				DD5539DFDE8C8BFD6AC8FA8F /* Pods_rainyshinycloudy.framework */,
			);
			name = Frameworks;
			sourceTree = "<group>";
		};
		D9C25BC72DE46ED36C461EC8 /* Pods */ = {
			isa = PBXGroup;
			children = (
				A3DC702B1094BDD3E6943CB7 /* Pods-rainyshinycloudy.debug.xcconfig */,
				456B03B50DE4DBF9896C7072 /* Pods-rainyshinycloudy.release.xcconfig */,
			);
			name = Pods;
			sourceTree = "<group>";
		};
/* End PBXGroup section */

/* Begin PBXNativeTarget section */
		1CBCAC6E1F23401900CB59A4 /* rainyshinycloudy */ = {
			isa = PBXNativeTarget;
			buildConfigurationList = 1CBCAC811F23401900CB59A4 /* Build configuration list for PBXNativeTarget "rainyshinycloudy" */;
			buildPhases = (
				92A6EC9EFAA24F85DB022262 /* [CP] Check Pods Manifest.lock */,
				1CBCAC6B1F23401900CB59A4 /* Sources */,
				1CBCAC6C1F23401900CB59A4 /* Frameworks */,
				1CBCAC6D1F23401900CB59A4 /* Resources */,
				5025C008C394CA7DF6CF2D40 /* [CP] Embed Pods Frameworks */,
				C4678099499D76F031C543FA /* [CP] Copy Pods Resources */,
			);
			buildRules = (
			);
			dependencies = (
			);
			name = rainyshinycloudy;
			productName = rainyshinycloudy;
			productReference = 1CBCAC6F1F23401900CB59A4 /* rainyshinycloudy.app */;
			productType = "com.apple.product-type.application";
		};
/* End PBXNativeTarget section */

/* Begin PBXProject section */
		1CBCAC671F23401900CB59A4 /* Project object */ = {
			isa = PBXProject;
			attributes = {
				LastSwiftUpdateCheck = 0830;
				LastUpgradeCheck = 0830;
				ORGANIZATIONNAME = sade;
				TargetAttributes = {
					1CBCAC6E1F23401900CB59A4 = {
						CreatedOnToolsVersion = 8.3.3;
						DevelopmentTeam = 2EKTHK2S2T;
						ProvisioningStyle = Automatic;
					};
				};
			};
			buildConfigurationList = 1CBCAC6A1F23401900CB59A4 /* Build configuration list for PBXProject "rainyshinycloudy" */;
			compatibilityVersion = "Xcode 3.2";
			developmentRegion = English;
			hasScannedForEncodings = 0;
			knownRegions = (
				en,
				Base,
			);
			mainGroup = 1CBCAC661F23401900CB59A4;
			productRefGroup = 1CBCAC701F23401900CB59A4 /* Products */;
			projectDirPath = "";
			projectRoot = "";
			targets = (
				1CBCAC6E1F23401900CB59A4 /* rainyshinycloudy */,
			);
		};
/* End PBXProject section */

/* Begin PBXResourcesBuildPhase section */
		1CBCAC6D1F23401900CB59A4 /* Resources */ = {
			isa = PBXResourcesBuildPhase;
			buildActionMask = 2147483647;
			files = (
				1CBCAC7D1F23401900CB59A4 /* LaunchScreen.storyboard in Resources */,
				1CBCAC7A1F23401900CB59A4 /* Assets.xcassets in Resources */,
				1CBCAC781F23401900CB59A4 /* Main.storyboard in Resources */,
			);
			runOnlyForDeploymentPostprocessing = 0;
		};
/* End PBXResourcesBuildPhase section */

/* Begin PBXShellScriptBuildPhase section */
		5025C008C394CA7DF6CF2D40 /* [CP] Embed Pods Frameworks */ = {
			isa = PBXShellScriptBuildPhase;
			buildActionMask = 2147483647;
			files = (
			);
			inputPaths = (
			);
			name = "[CP] Embed Pods Frameworks";
			outputPaths = (
			);
			runOnlyForDeploymentPostprocessing = 0;
			shellPath = /bin/sh;
			shellScript = "\"${SRCROOT}/Pods/Target Support Files/Pods-rainyshinycloudy/Pods-rainyshinycloudy-frameworks.sh\"\n";
			showEnvVarsInLog = 0;
		};
		92A6EC9EFAA24F85DB022262 /* [CP] Check Pods Manifest.lock */ = {
			isa = PBXShellScriptBuildPhase;
			buildActionMask = 2147483647;
			files = (
			);
			inputPaths = (
			);
			name = "[CP] Check Pods Manifest.lock";
			outputPaths = (
			);
			runOnlyForDeploymentPostprocessing = 0;
			shellPath = /bin/sh;
			shellScript = "diff \"${PODS_ROOT}/../Podfile.lock\" \"${PODS_ROOT}/Manifest.lock\" > /dev/null\nif [ $? != 0 ] ; then\n    # print error to STDERR\n    echo \"error: The sandbox is not in sync with the Podfile.lock. Run 'pod install' or update your CocoaPods installation.\" >&2\n    exit 1\nfi\n";
			showEnvVarsInLog = 0;
		};
		C4678099499D76F031C543FA /* [CP] Copy Pods Resources */ = {
			isa = PBXShellScriptBuildPhase;
			buildActionMask = 2147483647;
			files = (
			);
			inputPaths = (
			);
			name = "[CP] Copy Pods Resources";
			outputPaths = (
			);
			runOnlyForDeploymentPostprocessing = 0;
			shellPath = /bin/sh;
			shellScript = "\"${SRCROOT}/Pods/Target Support Files/Pods-rainyshinycloudy/Pods-rainyshinycloudy-resources.sh\"\n";
			showEnvVarsInLog = 0;
		};
/* End PBXShellScriptBuildPhase section */

/* Begin PBXSourcesBuildPhase section */
		1CBCAC6B1F23401900CB59A4 /* Sources */ = {
			isa = PBXSourcesBuildPhase;
			buildActionMask = 2147483647;
			files = (
				1CBCAC751F23401900CB59A4 /* WeatherVC.swift in Sources */,
				1CBCAC731F23401900CB59A4 /* AppDelegate.swift in Sources */,
				1C6DD7B41F25E548004A7F4C /* WeatherCell.swift in Sources */,
				1C5F8C171F24412E004CF7B3 /* CurrentWeather.swift in Sources */,
				1C5F8C151F243DCB004CF7B3 /* Constants.swift in Sources */,
				1C6520321F25885A00227FC8 /* Forecast.swift in Sources */,
				1CD7C5AE1F2978DA0071768F /* Location.swift in Sources */,
			);
			runOnlyForDeploymentPostprocessing = 0;
		};
/* End PBXSourcesBuildPhase section */

/* Begin PBXVariantGroup section */
		1CBCAC761F23401900CB59A4 /* Main.storyboard */ = {
			isa = PBXVariantGroup;
			children = (
				1CBCAC771F23401900CB59A4 /* Base */,
			);
			name = Main.storyboard;
			sourceTree = "<group>";
		};
		1CBCAC7B1F23401900CB59A4 /* LaunchScreen.storyboard */ = {
			isa = PBXVariantGroup;
			children = (
				1CBCAC7C1F23401900CB59A4 /* Base */,
			);
			name = LaunchScreen.storyboard;
			sourceTree = "<group>";
		};
/* End PBXVariantGroup section */

/* Begin XCBuildConfiguration section */
		1CBCAC7F1F23401900CB59A4 /* Debug */ = {
			isa = XCBuildConfiguration;
			buildSettings = {
				ALWAYS_SEARCH_USER_PATHS = NO;
				CLANG_ANALYZER_NONNULL = YES;
				CLANG_ANALYZER_NUMBER_OBJECT_CONVERSION = YES_AGGRESSIVE;
				CLANG_CXX_LANGUAGE_STANDARD = "gnu++0x";
				CLANG_CXX_LIBRARY = "libc++";
				CLANG_ENABLE_MODULES = YES;
				CLANG_ENABLE_OBJC_ARC = YES;
				CLANG_WARN_BOOL_CONVERSION = YES;
				CLANG_WARN_CONSTANT_CONVERSION = YES;
				CLANG_WARN_DIRECT_OBJC_ISA_USAGE = YES_ERROR;
				CLANG_WARN_DOCUMENTATION_COMMENTS = YES;
				CLANG_WARN_EMPTY_BODY = YES;
				CLANG_WARN_ENUM_CONVERSION = YES;
				CLANG_WARN_INFINITE_RECURSION = YES;
				CLANG_WARN_INT_CONVERSION = YES;
				CLANG_WARN_OBJC_ROOT_CLASS = YES_ERROR;
				CLANG_WARN_SUSPICIOUS_MOVE = YES;
				CLANG_WARN_UNREACHABLE_CODE = YES;
				CLANG_WARN__DUPLICATE_METHOD_MATCH = YES;
				"CODE_SIGN_IDENTITY[sdk=iphoneos*]" = "iPhone Developer";
				COPY_PHASE_STRIP = NO;
				DEBUG_INFORMATION_FORMAT = dwarf;
				ENABLE_STRICT_OBJC_MSGSEND = YES;
				ENABLE_TESTABILITY = YES;
				GCC_C_LANGUAGE_STANDARD = gnu99;
				GCC_DYNAMIC_NO_PIC = NO;
				GCC_NO_COMMON_BLOCKS = YES;
				GCC_OPTIMIZATION_LEVEL = 0;
				GCC_PREPROCESSOR_DEFINITIONS = (
					"DEBUG=1",
					"$(inherited)",
				);
				GCC_WARN_64_TO_32_BIT_CONVERSION = YES;
				GCC_WARN_ABOUT_RETURN_TYPE = YES_ERROR;
				GCC_WARN_UNDECLARED_SELECTOR = YES;
				GCC_WARN_UNINITIALIZED_AUTOS = YES_AGGRESSIVE;
				GCC_WARN_UNUSED_FUNCTION = YES;
				GCC_WARN_UNUSED_VARIABLE = YES;
				IPHONEOS_DEPLOYMENT_TARGET = 10.3;
				MTL_ENABLE_DEBUG_INFO = YES;
				ONLY_ACTIVE_ARCH = YES;
				SDKROOT = iphoneos;
				SWIFT_ACTIVE_COMPILATION_CONDITIONS = DEBUG;
				SWIFT_OPTIMIZATION_LEVEL = "-Onone";
				TARGETED_DEVICE_FAMILY = "1,2";
			};
			name = Debug;
		};
		1CBCAC801F23401900CB59A4 /* Release */ = {
			isa = XCBuildConfiguration;
			buildSettings = {
				ALWAYS_SEARCH_USER_PATHS = NO;
				CLANG_ANALYZER_NONNULL = YES;
				CLANG_ANALYZER_NUMBER_OBJECT_CONVERSION = YES_AGGRESSIVE;
				CLANG_CXX_LANGUAGE_STANDARD = "gnu++0x";
				CLANG_CXX_LIBRARY = "libc++";
				CLANG_ENABLE_MODULES = YES;
				CLANG_ENABLE_OBJC_ARC = YES;
				CLANG_WARN_BOOL_CONVERSION = YES;
				CLANG_WARN_CONSTANT_CONVERSION = YES;
				CLANG_WARN_DIRECT_OBJC_ISA_USAGE = YES_ERROR;
				CLANG_WARN_DOCUMENTATION_COMMENTS = YES;
				CLANG_WARN_EMPTY_BODY = YES;
				CLANG_WARN_ENUM_CONVERSION = YES;
				CLANG_WARN_INFINITE_RECURSION = YES;
				CLANG_WARN_INT_CONVERSION = YES;
				CLANG_WARN_OBJC_ROOT_CLASS = YES_ERROR;
				CLANG_WARN_SUSPICIOUS_MOVE = YES;
				CLANG_WARN_UNREACHABLE_CODE = YES;
				CLANG_WARN__DUPLICATE_METHOD_MATCH = YES;
				"CODE_SIGN_IDENTITY[sdk=iphoneos*]" = "iPhone Developer";
				COPY_PHASE_STRIP = NO;
				DEBUG_INFORMATION_FORMAT = "dwarf-with-dsym";
				ENABLE_NS_ASSERTIONS = NO;
				ENABLE_STRICT_OBJC_MSGSEND = YES;
				GCC_C_LANGUAGE_STANDARD = gnu99;
				GCC_NO_COMMON_BLOCKS = YES;
				GCC_WARN_64_TO_32_BIT_CONVERSION = YES;
				GCC_WARN_ABOUT_RETURN_TYPE = YES_ERROR;
				GCC_WARN_UNDECLARED_SELECTOR = YES;
				GCC_WARN_UNINITIALIZED_AUTOS = YES_AGGRESSIVE;
				GCC_WARN_UNUSED_FUNCTION = YES;
				GCC_WARN_UNUSED_VARIABLE = YES;
				IPHONEOS_DEPLOYMENT_TARGET = 10.3;
				MTL_ENABLE_DEBUG_INFO = NO;
				SDKROOT = iphoneos;
				SWIFT_OPTIMIZATION_LEVEL = "-Owholemodule";
				TARGETED_DEVICE_FAMILY = "1,2";
				VALIDATE_PRODUCT = YES;
			};
			name = Release;
		};
		1CBCAC821F23401900CB59A4 /* Debug */ = {
			isa = XCBuildConfiguration;
			baseConfigurationReference = A3DC702B1094BDD3E6943CB7 /* Pods-rainyshinycloudy.debug.xcconfig */;
			buildSettings = {
				ASSETCATALOG_COMPILER_APPICON_NAME = AppIcon;
				DEVELOPMENT_TEAM = 2EKTHK2S2T;
				INFOPLIST_FILE = rainyshinycloudy/Info.plist;
				IPHONEOS_DEPLOYMENT_TARGET = 10.3;
				LD_RUNPATH_SEARCH_PATHS = "$(inherited) @executable_path/Frameworks";
				PRODUCT_BUNDLE_IDENTIFIER = com.sade.rainyshinycloudy;
				PRODUCT_NAME = "$(TARGET_NAME)";
				SWIFT_VERSION = 3.0;
			};
			name = Debug;
		};
		1CBCAC831F23401900CB59A4 /* Release */ = {
			isa = XCBuildConfiguration;
			baseConfigurationReference = 456B03B50DE4DBF9896C7072 /* Pods-rainyshinycloudy.release.xcconfig */;
			buildSettings = {
				ASSETCATALOG_COMPILER_APPICON_NAME = AppIcon;
				DEVELOPMENT_TEAM = 2EKTHK2S2T;
				INFOPLIST_FILE = rainyshinycloudy/Info.plist;
				IPHONEOS_DEPLOYMENT_TARGET = 10.3;
				LD_RUNPATH_SEARCH_PATHS = "$(inherited) @executable_path/Frameworks";
				PRODUCT_BUNDLE_IDENTIFIER = com.sade.rainyshinycloudy;
				PRODUCT_NAME = "$(TARGET_NAME)";
				SWIFT_VERSION = 3.0;
			};
			name = Release;
		};
/* End XCBuildConfiguration section */

/* Begin XCConfigurationList section */
		1CBCAC6A1F23401900CB59A4 /* Build configuration list for PBXProject "rainyshinycloudy" */ = {
			isa = XCConfigurationList;
			buildConfigurations = (
				1CBCAC7F1F23401900CB59A4 /* Debug */,
				1CBCAC801F23401900CB59A4 /* Release */,
			);
			defaultConfigurationIsVisible = 0;
			defaultConfigurationName = Release;
		};
		1CBCAC811F23401900CB59A4 /* Build configuration list for PBXNativeTarget "rainyshinycloudy" */ = {
			isa = XCConfigurationList;
			buildConfigurations = (
				1CBCAC821F23401900CB59A4 /* Debug */,
				1CBCAC831F23401900CB59A4 /* Release */,
			);
			defaultConfigurationIsVisible = 0;
			defaultConfigurationName = Release;
		};
/* End XCConfigurationList section */
	};
	rootObject = 1CBCAC671F23401900CB59A4 /* Project object */;
}
